
Microsoft Visual Studio Solution File, Format Version 12.00
# Visual Studio 2012
Project("{8BC9CEB8-8B4A-11D0-8D11-00A0C91BC942}") = "MultiStack", "MultiStack\MultiStack.vcxproj", "{933B1019-C592-4854-B1A6-18C6240E06CA}"
EndProject
Global
	GlobalSection(SolutionConfigurationPlatforms) = preSolution
		Debug|Win32 = Debug|Win32
		Release|Win32 = Release|Win32
	EndGlobalSection
	GlobalSection(ProjectConfigurationPlatforms) = postSolution
		{933B1019-C592-4854-B1A6-18C6240E06CA}.Debug|Win32.ActiveCfg = Debug|Win32
		{933B1019-C592-4854-B1A6-18C6240E06CA}.Debug|Win32.Build.0 = Debug|Win32
		{933B1019-C592-4854-B1A6-18C6240E06CA}.Release|Win32.ActiveCfg = Release|Win32
		{933B1019-C592-4854-B1A6-18C6240E06CA}.Release|Win32.Build.0 = Release|Win32
	EndGlobalSection
	GlobalSection(SolutionProperties) = preSolution
		HideSolutionNode = FALSE
	EndGlobalSection
EndGlobal
